
Microsoft Visual Studio Solution File, Format Version 12.00
# Visual Studio 15
VisualStudioVersion = 15.0.27130.2027
MinimumVisualStudioVersion = 10.0.40219.1
Project("{FAE04EC0-301F-11D3-BF4B-00C04F79EFBC}") = "CodeWars - LargestSum", "CodeWars - LargestSum\CodeWars - LargestSum.csproj", "{834F11F7-916F-4F50-BA15-48C20F591557}"
EndProject
Project("{FAE04EC0-301F-11D3-BF4B-00C04F79EFBC}") = "LargestSumTest", "UnitTestProject1\LargestSumTest.csproj", "{C525F663-1F07-4927-817F-E24B914F8D40}"
EndProject
Global
	GlobalSection(SolutionConfigurationPlatforms) = preSolution
		Debug|Any CPU = Debug|Any CPU
		Release|Any CPU = Release|Any CPU
	EndGlobalSection
	GlobalSection(ProjectConfigurationPlatforms) = postSolution
		{834F11F7-916F-4F50-BA15-48C20F591557}.Debug|Any CPU.ActiveCfg = Debug|Any CPU
		{834F11F7-916F-4F50-BA15-48C20F591557}.Debug|Any CPU.Build.0 = Debug|Any CPU
		{834F11F7-916F-4F50-BA15-48C20F591557}.Release|Any CPU.ActiveCfg = Release|Any CPU
		{834F11F7-916F-4F50-BA15-48C20F591557}.Release|Any CPU.Build.0 = Release|Any CPU
		{C525F663-1F07-4927-817F-E24B914F8D40}.Debug|Any CPU.ActiveCfg = Debug|Any CPU
		{C525F663-1F07-4927-817F-E24B914F8D40}.Debug|Any CPU.Build.0 = Debug|Any CPU
		{C525F663-1F07-4927-817F-E24B914F8D40}.Release|Any CPU.ActiveCfg = Release|Any CPU
		{C525F663-1F07-4927-817F-E24B914F8D40}.Release|Any CPU.Build.0 = Release|Any CPU
	EndGlobalSection
	GlobalSection(SolutionProperties) = preSolution
		HideSolutionNode = FALSE
	EndGlobalSection
	GlobalSection(ExtensibilityGlobals) = postSolution
		SolutionGuid = {98CC6793-15CB-4136-8364-9C6116604ABE}
	EndGlobalSection
EndGlobal
